hash: eabbfacf97a6e6e66f34a1e173181c62f0b835f6dcb375dc6b588bb5d4adee95
updated: 2018-01-30T15:40:23.065722475+08:00
imports:
- name: github.com/deckarep/golang-set
  version: 1d4478f51bed434f1dadf96dcd9b43aabac66795
- name: github.com/goinggo/mapstructure
  version: 194205d9b4a98eff86d4e8d3c0dfe87dea59ef81
- name: github.com/icza/dyno
  version: 15f794d2c82a97f44c27c18fe7d1fbea385fe40b
- name: github.com/jessevdk/go-flags
  version: f88afde2fa19a30cf50ba4b05b3d13bc6bae3079
- name: github.com/oleiade/reflections
  version: 0e86b3c98b2ff33e30c85cfe97d9a63d439fe7eb
- name: github.com/robfig/config
  version: 0f78529c8c7e3e9a25f15876532ecbc07c7d99e6
- name: github.com/satori/go.uuid
  version: 36e9d2ebbde5e3f13ab2e25625fd453271d6522e
- name: gopkg.in/mgo.v2
  version: 3f83fa5005286a7fe593b055f0d7771a7dce4655
  subpackages:
  - bson
  - internal/json
  - internal/sasl
  - internal/scram
testImports: []
